[{<<"basho_stats">>,
  {git,"git://github.com/vertify/basho_stats.git",
       {ref,"e0b9e47f890ca7b239c7da3e3e46bd7c4bc040c9"}},
  0},
 {<<"bear">>,
  {git,"git://github.com/boundary/bear.git",
       {ref,"119234548783af19b8ec75c879c5062676b92571"}},
  2},
 {<<"clique">>,
  {git,"git://github.com/basho/clique.git",
       {ref,"79c1bf0d9d39fb4d117d60f84864e63e643a7518"}},
  0},
 {<<"cuttlefish">>,
  {git,"git://github.com/basho/cuttlefish.git",
       {ref,"a1ca2bdb798a9645256ce8efc59c5db805e81bf4"}},
  1},
 {<<"edown">>,
  {git,"git://github.com/uwiger/edown.git",
       {ref,"b7c8eb0ac1859f8fce11cbfe3526f5ec83194776"}},
  2},
 {<<"eleveldb">>,
  {git,"git://github.com/vertify/eleveldb.git",
       {ref,"f551b89078282c3976bb25e80e9a46489e6d0b53"}},
  0},
 {<<"exometer_core">>,
  {git,"git://github.com/vertify/exometer_core.git",
       {ref,"341410912dda0aa6f2e58dbe24edfe0702265418"}},
  0},
 {<<"folsom">>,
  {git,"git://github.com/folsom-project/folsom",
       {ref,"38e2cce7c64ce1f0a3a918d90394cfc0a940b1ba"}},
  1},
 {<<"getopt">>,
  {git,"git://github.com/jcomellas/getopt.git",
       {ref,"388dc95caa7fb97ec7db8cfc39246a36aba61bd8"}},
  2},
 {<<"goldrush">>,
  {git,"git://github.com/DeadZen/goldrush.git",
       {ref,"212299233c7e7eb63a97be2777e1c05ebaa58dbe"}},
  1},
 {<<"hut">>,
  {git,"git://github.com/tolbrino/hut.git",
       {ref,"025540398478ab6f95932c3234382ac5bb21ad3e"}},
  1},
 {<<"lager">>,
  {git,"git://github.com/basho/lager.git",
       {ref,"8187757388c9adc915379caaab36a2f2ca26e944"}},
  0},
 {<<"meck">>,
  {git,"git://github.com/eproxus/meck.git",
       {ref,"dde759050eff19a1a80fd854d7375174b191665d"}},
  1},
 {<<"neotoma">>,
  {git,"git://github.com/seancribbs/neotoma.git",
       {ref,"6ac6007c7713712a80096de5c7cdf5b85b01374e"}},
  2},
 {<<"parse_trans">>,
  {git,"git://github.com/uwiger/parse_trans.git",
       {ref,"a210adafdfbb904d156d8f22abd5fb58fc17de1e"}},
  1},
 {<<"pbkdf2">>,
  {git,"git://github.com/vertify/erlang-pbkdf2.git",
       {ref,"7076584f5377e98600a7e2cb81980b2992fb2f71"}},
  0},
 {<<"poolboy">>,
  {git,"git://github.com/devinus/poolboy.git",
       {ref,"3bb3972617b3706b7fda6e264bf6bdaefbb833cd"}},
  0},
 {<<"riak_ensemble">>,
  {git,"git://github.com/vertify/riak_ensemble",
       {ref,"7a42bf3996b237bffef84132b6f306999e3668cb"}},
  0},
 {<<"riak_sysmon">>,
  {git,"git://github.com/vertify/riak_sysmon.git",
       {ref,"1c94fc03d78fdf79218f431b91256b36c8c63701"}},
  0},
 {<<"setup">>,
  {git,"git://github.com/uwiger/setup.git",
       {ref,"5c7d635145e5ffb8b0fa6b470770cdd1cb16b0b2"}},
  1}].
